dependencies:
- name: gitlab
  repository: ""
  version: '*.*.*'
- name: certmanager-issuer
  repository: ""
  version: '*.*.*'
- name: minio
  repository: ""
  version: '*.*.*'
- name: registry
  repository: ""
  version: '*.*.*'
- name: cert-manager
  repository: https://charts.jetstack.io/
  version: v1.12.7
- name: prometheus
  repository: https://prometheus-community.github.io/helm-charts
  version: 15.18.0
- name: postgresql
  repository: https://charts.bitnami.com/bitnami
  version: 12.5.2
- name: gitlab-runner
  repository: https://charts.gitlab.io/
  version: 0.60.0
- name: redis
  repository: https://charts.bitnami.com/bitnami
  version: 16.13.2
- name: nginx-ingress
  repository: ""
  version: '*.*.*'
- name: nginx-ingress
  repository: ""
  version: '*.*.*'
- name: gitlab-zoekt
  repository: https://charts.gitlab.io/
  version: 1.0.0
- name: traefik
  repository: https://helm.traefik.io/traefik
  version: 10.19.4
- name: kubernetes-ingress
  repository: https://haproxytech.github.io/helm-charts
  version: 1.32.0
digest: sha256:d6d85c4a45743dd7d2341f8d0effedbef8f66371f8b05b0cf629130d5f1b314a
generated: "2024-01-25T10:00:14.163542476Z"
